
Microsoft Visual Studio Solution File, Format Version 12.00
# Visual Studio 15
VisualStudioVersion = 15.0.26730.15
MinimumVisualStudioVersion = 10.0.40219.1
Project("{FAE04EC0-301F-11D3-BF4B-00C04F79EFBC}") = "MultipleFileDownloader", "MultipleFileDownloader\MultipleFileDownloader.csproj", "{FDF84DB3-DE46-4969-BB5C-A844EA67A3D0}"
EndProject
Project("{FAE04EC0-301F-11D3-BF4B-00C04F79EFBC}") = "example", "example\example.csproj", "{74424039-F44C-4D22-9704-BAB7D6DE5348}"
EndProject
Project("{FAE04EC0-301F-11D3-BF4B-00C04F79EFBC}") = "MultipleFileDownloaderTest", "MultipleFileDownloaderTest\MultipleFileDownloaderTest.csproj", "{A3ED9137-72FE-4221-BE63-46A4FA007556}"
EndProject
Global
	GlobalSection(SolutionConfigurationPlatforms) = preSolution
		Debug|Any CPU = Debug|Any CPU
		Release|Any CPU = Release|Any CPU
	EndGlobalSection
	GlobalSection(ProjectConfigurationPlatforms) = postSolution
		{FDF84DB3-DE46-4969-BB5C-A844EA67A3D0}.Debug|Any CPU.ActiveCfg = Debug|Any CPU
		{FDF84DB3-DE46-4969-BB5C-A844EA67A3D0}.Debug|Any CPU.Build.0 = Debug|Any CPU
		{FDF84DB3-DE46-4969-BB5C-A844EA67A3D0}.Release|Any CPU.ActiveCfg = Release|Any CPU
		{FDF84DB3-DE46-4969-BB5C-A844EA67A3D0}.Release|Any CPU.Build.0 = Release|Any CPU
		{74424039-F44C-4D22-9704-BAB7D6DE5348}.Debug|Any CPU.ActiveCfg = Debug|Any CPU
		{74424039-F44C-4D22-9704-BAB7D6DE5348}.Debug|Any CPU.Build.0 = Debug|Any CPU
		{74424039-F44C-4D22-9704-BAB7D6DE5348}.Release|Any CPU.ActiveCfg = Release|Any CPU
		{74424039-F44C-4D22-9704-BAB7D6DE5348}.Release|Any CPU.Build.0 = Release|Any CPU
		{A3ED9137-72FE-4221-BE63-46A4FA007556}.Debug|Any CPU.ActiveCfg = Debug|Any CPU
		{A3ED9137-72FE-4221-BE63-46A4FA007556}.Debug|Any CPU.Build.0 = Debug|Any CPU
		{A3ED9137-72FE-4221-BE63-46A4FA007556}.Release|Any CPU.ActiveCfg = Release|Any CPU
		{A3ED9137-72FE-4221-BE63-46A4FA007556}.Release|Any CPU.Build.0 = Release|Any CPU
	EndGlobalSection
	GlobalSection(SolutionProperties) = preSolution
		HideSolutionNode = FALSE
	EndGlobalSection
	GlobalSection(ExtensibilityGlobals) = postSolution
		SolutionGuid = {0FC651B0-7EB7-4428-BDFA-DF81ACE628D2}
	EndGlobalSection
EndGlobal
